
Microsoft Visual Studio Solution File, Format Version 12.00
# Visual Studio Version 16
VisualStudioVersion = 16.0.30804.86
MinimumVisualStudioVersion = 10.0.40219.1
Project("{FAE04EC0-301F-11D3-BF4B-00C04F79EFBC}") = "CustomEnvironments", "CustomEnvironments\CustomEnvironments.csproj", "{91616FFB-DEF9-43F9-821E-E56AA4DC03DC}"
EndProject
Global
	GlobalSection(SolutionConfigurationPlatforms) = preSolution
		Debug|Any CPU = Debug|Any CPU
		Release|Any CPU = Release|Any CPU
	EndGlobalSection
	GlobalSection(ProjectConfigurationPlatforms) = postSolution
		{91616FFB-DEF9-43F9-821E-E56AA4DC03DC}.Debug|Any CPU.ActiveCfg = Debug|Any CPU
		{91616FFB-DEF9-43F9-821E-E56AA4DC03DC}.Debug|Any CPU.Build.0 = Debug|Any CPU
		{91616FFB-DEF9-43F9-821E-E56AA4DC03DC}.Release|Any CPU.ActiveCfg = Release|Any CPU
		{91616FFB-DEF9-43F9-821E-E56AA4DC03DC}.Release|Any CPU.Build.0 = Release|Any CPU
	EndGlobalSection
	GlobalSection(SolutionProperties) = preSolution
		HideSolutionNode = FALSE
	EndGlobalSection
	GlobalSection(ExtensibilityGlobals) = postSolution
		SolutionGuid = {B1C19118-5FCE-494B-9731-B8C8FA7EB296}
	EndGlobalSection
EndGlobal
