
Microsoft Visual Studio Solution File, Format Version 12.00
# Visual Studio Version 16
VisualStudioVersion = 16.0.30804.86
MinimumVisualStudioVersion = 10.0.40219.1
Project("{FAE04EC0-301F-11D3-BF4B-00C04F79EFBC}") = "MultiplayerNameChanger", "MultiplayerNameChanger\MultiplayerNameChanger.csproj", "{F949CF98-1005-413A-A0B9-93249052715A}"
EndProject
Global
	GlobalSection(SolutionConfigurationPlatforms) = preSolution
		Debug|Any CPU = Debug|Any CPU
		Release|Any CPU = Release|Any CPU
	EndGlobalSection
	GlobalSection(ProjectConfigurationPlatforms) = postSolution
		{F949CF98-1005-413A-A0B9-93249052715A}.Debug|Any CPU.ActiveCfg = Debug|Any CPU
		{F949CF98-1005-413A-A0B9-93249052715A}.Debug|Any CPU.Build.0 = Debug|Any CPU
		{F949CF98-1005-413A-A0B9-93249052715A}.Release|Any CPU.ActiveCfg = Release|Any CPU
		{F949CF98-1005-413A-A0B9-93249052715A}.Release|Any CPU.Build.0 = Release|Any CPU
	EndGlobalSection
	GlobalSection(SolutionProperties) = preSolution
		HideSolutionNode = FALSE
	EndGlobalSection
	GlobalSection(ExtensibilityGlobals) = postSolution
		SolutionGuid = {62018EE3-9449-4019-95D9-02A187E9AD7D}
	EndGlobalSection
EndGlobal
